// !$*UTF8*$!
{
	archiveVersion = 1;
	classes = {
	};
	objectVersion = 55;
	objects = {

/* Begin PBXBuildFile section */
		BD1FE4AA282A2CF2003578F6 /* TopDoctorsInfoCell.swift in Sources */ = {isa = PBXBuildFile; fileRef = BD1FE4A9282A2CF2003578F6 /* TopDoctorsInfoCell.swift */; };
		BD489120283B48110058231F /* API.swift in Sources */ = {isa = PBXBuildFile; fileRef = BD48911F283B48110058231F /* API.swift */; };
		BD6E3253282B90C200C284FC /* DoctorInfoEditor.swift in Sources */ = {isa = PBXBuildFile; fileRef = BD6E3252282B90C200C284FC /* DoctorInfoEditor.swift */; };
		BD9008AB2834B6910044A1CA /* TextFieldShake.swift in Sources */ = {isa = PBXBuildFile; fileRef = BD9008AA2834B6910044A1CA /* TextFieldShake.swift */; };
		BDA99D54282938F900086E9C /* DoctorDataStructer.swift in Sources */ = {isa = PBXBuildFile; fileRef = BDA99D53282938F900086E9C /* DoctorDataStructer.swift */; };
		BDB5AD6C282B95A80078A74F /* DoctorInfoEditorCell.swift in Sources */ = {isa = PBXBuildFile; fileRef = BDB5AD6B282B95A80078A74F /* DoctorInfoEditorCell.swift */; };
		BDBF17CE28336BD100C9A5AA /* DoctorDB.swift in Sources */ = {isa = PBXBuildFile; fileRef = BDBF17CD28336BD100C9A5AA /* DoctorDB.swift */; };
		BDBF17D128336E1A00C9A5AA /* Realm in Frameworks */ = {isa = PBXBuildFile; productRef = BDBF17D028336E1A00C9A5AA /* Realm */; };
		BDBF17D328336E1A00C9A5AA /* RealmSwift in Frameworks */ = {isa = PBXBuildFile; productRef = BDBF17D228336E1A00C9A5AA /* RealmSwift */; };
		BDBF17D528336FD100C9A5AA /* DoctorRealmDB.swift in Sources */ = {isa = PBXBuildFile; fileRef = BDBF17D428336FD100C9A5AA /* DoctorRealmDB.swift */; };
		BDBF17D72833710000C9A5AA /* DoctorRealmSchema.swift in Sources */ = {isa = PBXBuildFile; fileRef = BDBF17D62833710000C9A5AA /* DoctorRealmSchema.swift */; };
		BDC241F2282BB93C003346B9 /* AddNewDoctorInfo.swift in Sources */ = {isa = PBXBuildFile; fileRef = BDC241F1282BB93C003346B9 /* AddNewDoctorInfo.swift */; };
		BDC6670E2828D6E90004A80B /* AppDelegate.swift in Sources */ = {isa = PBXBuildFile; fileRef = BDC6670D2828D6E90004A80B /* AppDelegate.swift */; };
		BDC667102828D6E90004A80B /* SceneDelegate.swift in Sources */ = {isa = PBXBuildFile; fileRef = BDC6670F2828D6E90004A80B /* SceneDelegate.swift */; };
		BDC667122828D6E90004A80B /* MainViewController.swift in Sources */ = {isa = PBXBuildFile; fileRef = BDC667112828D6E90004A80B /* MainViewController.swift */; };
		BDC667152828D6E90004A80B /* Main.storyboard in Resources */ = {isa = PBXBuildFile; fileRef = BDC667132828D6E90004A80B /* Main.storyboard */; };
		BDC667182828D6E90004A80B /* Find_Doctor.xcdatamodeld in Sources */ = {isa = PBXBuildFile; fileRef = BDC667162828D6E90004A80B /* Find_Doctor.xcdatamodeld */; };
		BDC6671A2828D6EA0004A80B /* Assets.xcassets in Resources */ = {isa = PBXBuildFile; fileRef = BDC667192828D6EA0004A80B /* Assets.xcassets */; };
		BDC6671D2828D6EA0004A80B /* LaunchScreen.storyboard in Resources */ = {isa = PBXBuildFile; fileRef = BDC6671B2828D6EA0004A80B /* LaunchScreen.storyboard */; };
		BDC667272828F8490004A80B /* CatagoriesSheetViewController.swift in Sources */ = {isa = PBXBuildFile; fileRef = BDC667262828F8480004A80B /* CatagoriesSheetViewController.swift */; };
		BDEFE964282A465500F1E2C2 /* DoctorInfoCell.swift in Sources */ = {isa = PBXBuildFile; fileRef = BDEFE963282A465500F1E2C2 /* DoctorInfoCell.swift */; };
/* End PBXBuildFile section */

/* Begin PBXFileReference section */
		BD1FE4A9282A2CF2003578F6 /* TopDoctorsInfoCell.swift */ = {isa = PBXFileReference; lastKnownFileType = sourcecode.swift; path = TopDoctorsInfoCell.swift; sourceTree = "<group>"; };
		BD48911F283B48110058231F /* API.swift */ = {isa = PBXFileReference; lastKnownFileType = sourcecode.swift; path = API.swift; sourceTree = "<group>"; };
		BD6E3252282B90C200C284FC /* DoctorInfoEditor.swift */ = {isa = PBXFileReference; lastKnownFileType = sourcecode.swift; path = DoctorInfoEditor.swift; sourceTree = "<group>"; };
		BD9008AA2834B6910044A1CA /* TextFieldShake.swift */ = {isa = PBXFileReference; lastKnownFileType = sourcecode.swift; path = TextFieldShake.swift; sourceTree = "<group>"; };
		BDA99D53282938F900086E9C /* DoctorDataStructer.swift */ = {isa = PBXFileReference; lastKnownFileType = sourcecode.swift; path = DoctorDataStructer.swift; sourceTree = "<group>"; };
		BDB5AD6B282B95A80078A74F /* DoctorInfoEditorCell.swift */ = {isa = PBXFileReference; lastKnownFileType = sourcecode.swift; path = DoctorInfoEditorCell.swift; sourceTree = "<group>"; };
		BDBF17CD28336BD100C9A5AA /* DoctorDB.swift */ = {isa = PBXFileReference; lastKnownFileType = sourcecode.swift; path = DoctorDB.swift; sourceTree = "<group>"; };
		BDBF17D428336FD100C9A5AA /* DoctorRealmDB.swift */ = {isa = PBXFileReference; lastKnownFileType = sourcecode.swift; path = DoctorRealmDB.swift; sourceTree = "<group>"; };
		BDBF17D62833710000C9A5AA /* DoctorRealmSchema.swift */ = {isa = PBXFileReference; lastKnownFileType = sourcecode.swift; path = DoctorRealmSchema.swift; sourceTree = "<group>"; };
		BDC241F1282BB93C003346B9 /* AddNewDoctorInfo.swift */ = {isa = PBXFileReference; lastKnownFileType = sourcecode.swift; path = AddNewDoctorInfo.swift; sourceTree = "<group>"; };
		BDC6670A2828D6E90004A80B /* Find Doctor.app */ = {isa = PBXFileReference; explicitFileType = wrapper.application; includeInIndex = 0; path = "Find Doctor.app"; sourceTree = BUILT_PRODUCTS_DIR; };
		BDC6670D2828D6E90004A80B /* AppDelegate.swift */ = {isa = PBXFileReference; lastKnownFileType = sourcecode.swift; path = AppDelegate.swift; sourceTree = "<group>"; };
		BDC6670F2828D6E90004A80B /* SceneDelegate.swift */ = {isa = PBXFileReference; lastKnownFileType = sourcecode.swift; path = SceneDelegate.swift; sourceTree = "<group>"; };
		BDC667112828D6E90004A80B /* MainViewController.swift */ = {isa = PBXFileReference; lastKnownFileType = sourcecode.swift; path = MainViewController.swift; sourceTree = "<group>"; };
		BDC667142828D6E90004A80B /* Base */ = {isa = PBXFileReference; lastKnownFileType = file.storyboard; name = Base; path = Base.lproj/Main.storyboard; sourceTree = "<group>"; };
		BDC667172828D6E90004A80B /* Find_Doctor.xcdatamodel */ = {isa = PBXFileReference; lastKnownFileType = wrapper.xcdatamodel; path = Find_Doctor.xcdatamodel; sourceTree = "<group>"; };
		BDC667192828D6EA0004A80B /* Assets.xcassets */ = {isa = PBXFileReference; lastKnownFileType = folder.assetcatalog; path = Assets.xcassets; sourceTree = "<group>"; };
		BDC6671C2828D6EA0004A80B /* Base */ = {isa = PBXFileReference; lastKnownFileType = file.storyboard; name = Base; path = Base.lproj/LaunchScreen.storyboard; sourceTree = "<group>"; };
		BDC6671E2828D6EA0004A80B /* Info.plist */ = {isa = PBXFileReference; lastKnownFileType = text.plist.xml; path = Info.plist; sourceTree = "<group>"; };
		BDC667262828F8480004A80B /* CatagoriesSheetViewController.swift */ = {isa = PBXFileReference; lastKnownFileType = sourcecode.swift; path = CatagoriesSheetViewController.swift; sourceTree = "<group>"; };
		BDEFE963282A465500F1E2C2 /* DoctorInfoCell.swift */ = {isa = PBXFileReference; lastKnownFileType = sourcecode.swift; path = DoctorInfoCell.swift; sourceTree = "<group>"; };
/* End PBXFileReference section */

/* Begin PBXFrameworksBuildPhase section */
		BDC667072828D6E90004A80B /* Frameworks */ = {
			isa = PBXFrameworksBuildPhase;
			buildActionMask = 2147483647;
			files = (
				BDBF17D328336E1A00C9A5AA /* RealmSwift in Frameworks */,
				BDBF17D128336E1A00C9A5AA /* Realm in Frameworks */,
			);
			runOnlyForDeploymentPostprocessing = 0;
		};
/* End PBXFrameworksBuildPhase section */

/* Begin PBXGroup section */
		BD1FE4A8282A2BBE003578F6 /* DS */ = {
			isa = PBXGroup;
			children = (
				BDA99D53282938F900086E9C /* DoctorDataStructer.swift */,
			);
			path = DS;
			sourceTree = "<group>";
		};
		BD1FE4AB282A35C1003578F6 /* UIViews */ = {
			isa = PBXGroup;
			children = (
				BD1FE4A9282A2CF2003578F6 /* TopDoctorsInfoCell.swift */,
				BDEFE963282A465500F1E2C2 /* DoctorInfoCell.swift */,
				BDB5AD6B282B95A80078A74F /* DoctorInfoEditorCell.swift */,
				BD9008AA2834B6910044A1CA /* TextFieldShake.swift */,
			);
			path = UIViews;
			sourceTree = "<group>";
		};
		BD1FE4AC282A35D2003578F6 /* db */ = {
			isa = PBXGroup;
			children = (
				BDBF17CD28336BD100C9A5AA /* DoctorDB.swift */,
				BDBF17D428336FD100C9A5AA /* DoctorRealmDB.swift */,
				BDBF17D62833710000C9A5AA /* DoctorRealmSchema.swift */,
			);
			path = db;
			sourceTree = "<group>";
		};
		BD48911E283B47F90058231F /* api */ = {
			isa = PBXGroup;
			children = (
				BD48911F283B48110058231F /* API.swift */,
			);
			path = api;
			sourceTree = "<group>";
		};
		BDC667012828D6E90004A80B = {
			isa = PBXGroup;
			children = (
				BDC6670C2828D6E90004A80B /* Find Doctor */,
				BDC6670B2828D6E90004A80B /* Products */,
			);
			sourceTree = "<group>";
		};
		BDC6670B2828D6E90004A80B /* Products */ = {
			isa = PBXGroup;
			children = (
				BDC6670A2828D6E90004A80B /* Find Doctor.app */,
			);
			name = Products;
			sourceTree = "<group>";
		};
		BDC6670C2828D6E90004A80B /* Find Doctor */ = {
			isa = PBXGroup;
			children = (
				BD48911E283B47F90058231F /* api */,
				BD1FE4A8282A2BBE003578F6 /* DS */,
				BD1FE4AB282A35C1003578F6 /* UIViews */,
				BDC667242828D9AC0004A80B /* ViewControllers */,
				BDC667252828D9FF0004A80B /* StoryBoards */,
				BD1FE4AC282A35D2003578F6 /* db */,
				BDC6670D2828D6E90004A80B /* AppDelegate.swift */,
				BDC6670F2828D6E90004A80B /* SceneDelegate.swift */,
				BDC667192828D6EA0004A80B /* Assets.xcassets */,
				BDC6671E2828D6EA0004A80B /* Info.plist */,
				BDC667162828D6E90004A80B /* Find_Doctor.xcdatamodeld */,
			);
			path = "Find Doctor";
			sourceTree = "<group>";
		};
		BDC667242828D9AC0004A80B /* ViewControllers */ = {
			isa = PBXGroup;
			children = (
				BDC667112828D6E90004A80B /* MainViewController.swift */,
				BDC667262828F8480004A80B /* CatagoriesSheetViewController.swift */,
				BD6E3252282B90C200C284FC /* DoctorInfoEditor.swift */,
				BDC241F1282BB93C003346B9 /* AddNewDoctorInfo.swift */,
			);
			path = ViewControllers;
			sourceTree = "<group>";
		};
		BDC667252828D9FF0004A80B /* StoryBoards */ = {
			isa = PBXGroup;
			children = (
				BDC6671B2828D6EA0004A80B /* LaunchScreen.storyboard */,
				BDC667132828D6E90004A80B /* Main.storyboard */,
			);
			path = StoryBoards;
			sourceTree = "<group>";
		};
/* End PBXGroup section */

/* Begin PBXNativeTarget section */
		BDC667092828D6E90004A80B /* Find Doctor */ = {
			isa = PBXNativeTarget;
			buildConfigurationList = BDC667212828D6EA0004A80B /* Build configuration list for PBXNativeTarget "Find Doctor" */;
			buildPhases = (
				BDC667062828D6E90004A80B /* Sources */,
				BDC667072828D6E90004A80B /* Frameworks */,
				BDC667082828D6E90004A80B /* Resources */,
			);
			buildRules = (
			);
			dependencies = (
			);
			name = "Find Doctor";
			packageProductDependencies = (
				BDBF17D028336E1A00C9A5AA /* Realm */,
				BDBF17D228336E1A00C9A5AA /* RealmSwift */,
			);
			productName = "Find Doctor";
			productReference = BDC6670A2828D6E90004A80B /* Find Doctor.app */;
			productType = "com.apple.product-type.application";
		};
/* End PBXNativeTarget section */

/* Begin PBXProject section */
		BDC667022828D6E90004A80B /* Project object */ = {
			isa = PBXProject;
			attributes = {
				BuildIndependentTargetsInParallel = 1;
				LastSwiftUpdateCheck = 1330;
				LastUpgradeCheck = 1330;
				TargetAttributes = {
					BDC667092828D6E90004A80B = {
						CreatedOnToolsVersion = 13.3.1;
					};
				};
			};
			buildConfigurationList = BDC667052828D6E90004A80B /* Build configuration list for PBXProject "Find Doctor" */;
			compatibilityVersion = "Xcode 13.0";
			developmentRegion = en;
			hasScannedForEncodings = 0;
			knownRegions = (
				en,
				Base,
			);
			mainGroup = BDC667012828D6E90004A80B;
			packageReferences = (
				BDBF17CF28336E1A00C9A5AA /* XCRemoteSwiftPackageReference "realm-swift" */,
			);
			productRefGroup = BDC6670B2828D6E90004A80B /* Products */;
			projectDirPath = "";
			projectRoot = "";
			targets = (
				BDC667092828D6E90004A80B /* Find Doctor */,
			);
		};
/* End PBXProject section */

/* Begin PBXResourcesBuildPhase section */
		BDC667082828D6E90004A80B /* Resources */ = {
			isa = PBXResourcesBuildPhase;
			buildActionMask = 2147483647;
			files = (
				BDC6671D2828D6EA0004A80B /* LaunchScreen.storyboard in Resources */,
				BDC6671A2828D6EA0004A80B /* Assets.xcassets in Resources */,
				BDC667152828D6E90004A80B /* Main.storyboard in Resources */,
			);
			runOnlyForDeploymentPostprocessing = 0;
		};
/* End PBXResourcesBuildPhase section */

/* Begin PBXSourcesBuildPhase section */
		BDC667062828D6E90004A80B /* Sources */ = {
			isa = PBXSourcesBuildPhase;
			buildActionMask = 2147483647;
			files = (
				BD6E3253282B90C200C284FC /* DoctorInfoEditor.swift in Sources */,
				BDBF17D528336FD100C9A5AA /* DoctorRealmDB.swift in Sources */,
				BDC667272828F8490004A80B /* CatagoriesSheetViewController.swift in Sources */,
				BD1FE4AA282A2CF2003578F6 /* TopDoctorsInfoCell.swift in Sources */,
				BD9008AB2834B6910044A1CA /* TextFieldShake.swift in Sources */,
				BDC241F2282BB93C003346B9 /* AddNewDoctorInfo.swift in Sources */,
				BDC667122828D6E90004A80B /* MainViewController.swift in Sources */,
				BDEFE964282A465500F1E2C2 /* DoctorInfoCell.swift in Sources */,
				BDC6670E2828D6E90004A80B /* AppDelegate.swift in Sources */,
				BDC667102828D6E90004A80B /* SceneDelegate.swift in Sources */,
				BDA99D54282938F900086E9C /* DoctorDataStructer.swift in Sources */,
				BDC667182828D6E90004A80B /* Find_Doctor.xcdatamodeld in Sources */,
				BDBF17CE28336BD100C9A5AA /* DoctorDB.swift in Sources */,
				BDB5AD6C282B95A80078A74F /* DoctorInfoEditorCell.swift in Sources */,
				BD489120283B48110058231F /* API.swift in Sources */,
				BDBF17D72833710000C9A5AA /* DoctorRealmSchema.swift in Sources */,
			);
			runOnlyForDeploymentPostprocessing = 0;
		};
/* End PBXSourcesBuildPhase section */

/* Begin PBXVariantGroup section */
		BDC667132828D6E90004A80B /* Main.storyboard */ = {
			isa = PBXVariantGroup;
			children = (
				BDC667142828D6E90004A80B /* Base */,
			);
			name = Main.storyboard;
			sourceTree = "<group>";
		};
		BDC6671B2828D6EA0004A80B /* LaunchScreen.storyboard */ = {
			isa = PBXVariantGroup;
			children = (
				BDC6671C2828D6EA0004A80B /* Base */,
			);
			name = LaunchScreen.storyboard;
			sourceTree = "<group>";
		};
/* End PBXVariantGroup section */

/* Begin XCBuildConfiguration section */
		BDC6671F2828D6EA0004A80B /* Debug */ = {
			isa = XCBuildConfiguration;
			buildSettings = {
				ALWAYS_SEARCH_USER_PATHS = NO;
				CLANG_ANALYZER_NONNULL = YES;
				CLANG_ANALYZER_NUMBER_OBJECT_CONVERSION = YES_AGGRESSIVE;
				CLANG_CXX_LANGUAGE_STANDARD = "gnu++17";
				CLANG_ENABLE_MODULES = YES;
				CLANG_ENABLE_OBJC_ARC = YES;
				CLANG_ENABLE_OBJC_WEAK = YES;
				CLANG_WARN_BLOCK_CAPTURE_AUTORELEASING = YES;
				CLANG_WARN_BOOL_CONVERSION = YES;
				CLANG_WARN_COMMA = YES;
				CLANG_WARN_CONSTANT_CONVERSION = YES;
				CLANG_WARN_DEPRECATED_OBJC_IMPLEMENTATIONS = YES;
				CLANG_WARN_DIRECT_OBJC_ISA_USAGE = YES_ERROR;
				CLANG_WARN_DOCUMENTATION_COMMENTS = YES;
				CLANG_WARN_EMPTY_BODY = YES;
				CLANG_WARN_ENUM_CONVERSION = YES;
				CLANG_WARN_INFINITE_RECURSION = YES;
				CLANG_WARN_INT_CONVERSION = YES;
				CLANG_WARN_NON_LITERAL_NULL_CONVERSION = YES;
				CLANG_WARN_OBJC_IMPLICIT_RETAIN_SELF = YES;
				CLANG_WARN_OBJC_LITERAL_CONVERSION = YES;
				CLANG_WARN_OBJC_ROOT_CLASS = YES_ERROR;
				CLANG_WARN_QUOTED_INCLUDE_IN_FRAMEWORK_HEADER = YES;
				CLANG_WARN_RANGE_LOOP_ANALYSIS = YES;
				CLANG_WARN_STRICT_PROTOTYPES = YES;
				CLANG_WARN_SUSPICIOUS_MOVE = YES;
				CLANG_WARN_UNGUARDED_AVAILABILITY = YES_AGGRESSIVE;
				CLANG_WARN_UNREACHABLE_CODE = YES;
				CLANG_WARN__DUPLICATE_METHOD_MATCH = YES;
				COPY_PHASE_STRIP = NO;
				DEBUG_INFORMATION_FORMAT = dwarf;
				ENABLE_STRICT_OBJC_MSGSEND = YES;
				ENABLE_TESTABILITY = YES;
				GCC_C_LANGUAGE_STANDARD = gnu11;
				GCC_DYNAMIC_NO_PIC = NO;
				GCC_NO_COMMON_BLOCKS = YES;
				GCC_OPTIMIZATION_LEVEL = 0;
				GCC_PREPROCESSOR_DEFINITIONS = (
					"DEBUG=1",
					"$(inherited)",
				);
				GCC_WARN_64_TO_32_BIT_CONVERSION = YES;
				GCC_WARN_ABOUT_RETURN_TYPE = YES_ERROR;
				GCC_WARN_UNDECLARED_SELECTOR = YES;
				GCC_WARN_UNINITIALIZED_AUTOS = YES_AGGRESSIVE;
				GCC_WARN_UNUSED_FUNCTION = YES;
				GCC_WARN_UNUSED_VARIABLE = YES;
				IPHONEOS_DEPLOYMENT_TARGET = 15.4;
				MTL_ENABLE_DEBUG_INFO = INCLUDE_SOURCE;
				MTL_FAST_MATH = YES;
				ONLY_ACTIVE_ARCH = YES;
				SDKROOT = iphoneos;
				SWIFT_ACTIVE_COMPILATION_CONDITIONS = DEBUG;
				SWIFT_OPTIMIZATION_LEVEL = "-Onone";
			};
			name = Debug;
		};
		BDC667202828D6EA0004A80B /* Release */ = {
			isa = XCBuildConfiguration;
			buildSettings = {
				ALWAYS_SEARCH_USER_PATHS = NO;
				CLANG_ANALYZER_NONNULL = YES;
				CLANG_ANALYZER_NUMBER_OBJECT_CONVERSION = YES_AGGRESSIVE;
				CLANG_CXX_LANGUAGE_STANDARD = "gnu++17";
				CLANG_ENABLE_MODULES = YES;
				CLANG_ENABLE_OBJC_ARC = YES;
				CLANG_ENABLE_OBJC_WEAK = YES;
				CLANG_WARN_BLOCK_CAPTURE_AUTORELEASING = YES;
				CLANG_WARN_BOOL_CONVERSION = YES;
				CLANG_WARN_COMMA = YES;
				CLANG_WARN_CONSTANT_CONVERSION = YES;
				CLANG_WARN_DEPRECATED_OBJC_IMPLEMENTATIONS = YES;
				CLANG_WARN_DIRECT_OBJC_ISA_USAGE = YES_ERROR;
				CLANG_WARN_DOCUMENTATION_COMMENTS = YES;
				CLANG_WARN_EMPTY_BODY = YES;
				CLANG_WARN_ENUM_CONVERSION = YES;
				CLANG_WARN_INFINITE_RECURSION = YES;
				CLANG_WARN_INT_CONVERSION = YES;
				CLANG_WARN_NON_LITERAL_NULL_CONVERSION = YES;
				CLANG_WARN_OBJC_IMPLICIT_RETAIN_SELF = YES;
				CLANG_WARN_OBJC_LITERAL_CONVERSION = YES;
				CLANG_WARN_OBJC_ROOT_CLASS = YES_ERROR;
				CLANG_WARN_QUOTED_INCLUDE_IN_FRAMEWORK_HEADER = YES;
				CLANG_WARN_RANGE_LOOP_ANALYSIS = YES;
				CLANG_WARN_STRICT_PROTOTYPES = YES;
				CLANG_WARN_SUSPICIOUS_MOVE = YES;
				CLANG_WARN_UNGUARDED_AVAILABILITY = YES_AGGRESSIVE;
				CLANG_WARN_UNREACHABLE_CODE = YES;
				CLANG_WARN__DUPLICATE_METHOD_MATCH = YES;
				COPY_PHASE_STRIP = NO;
				DEBUG_INFORMATION_FORMAT = "dwarf-with-dsym";
				ENABLE_NS_ASSERTIONS = NO;
				ENABLE_STRICT_OBJC_MSGSEND = YES;
				GCC_C_LANGUAGE_STANDARD = gnu11;
				GCC_NO_COMMON_BLOCKS = YES;
				GCC_WARN_64_TO_32_BIT_CONVERSION = YES;
				GCC_WARN_ABOUT_RETURN_TYPE = YES_ERROR;
				GCC_WARN_UNDECLARED_SELECTOR = YES;
				GCC_WARN_UNINITIALIZED_AUTOS = YES_AGGRESSIVE;
				GCC_WARN_UNUSED_FUNCTION = YES;
				GCC_WARN_UNUSED_VARIABLE = YES;
				IPHONEOS_DEPLOYMENT_TARGET = 15.4;
				MTL_ENABLE_DEBUG_INFO = NO;
				MTL_FAST_MATH = YES;
				SDKROOT = iphoneos;
				SWIFT_COMPILATION_MODE = wholemodule;
				SWIFT_OPTIMIZATION_LEVEL = "-O";
				VALIDATE_PRODUCT = YES;
			};
			name = Release;
		};
		BDC667222828D6EA0004A80B /* Debug */ = {
			isa = XCBuildConfiguration;
			buildSettings = {
				ASSETCATALOG_COMPILER_APPICON_NAME = AppIcon;
				ASSETCATALOG_COMPILER_GLOBAL_ACCENT_COLOR_NAME = AccentColor;
				CODE_SIGN_STYLE = Automatic;
				CURRENT_PROJECT_VERSION = 1;
				DEVELOPMENT_TEAM = XVUKQGSK4R;
				GENERATE_INFOPLIST_FILE = YES;
				INFOPLIST_FILE = "Find Doctor/Info.plist";
				INFOPLIST_KEY_UIApplicationSupportsIndirectInputEvents = YES;
				INFOPLIST_KEY_UILaunchStoryboardName = LaunchScreen;
				INFOPLIST_KEY_UIMainStoryboardFile = Main;
				INFOPLIST_KEY_UISupportedInterfaceOrientations_iPad = "UIInterfaceOrientationPortrait UIInterfaceOrientationPortraitUpsideDown UIInterfaceOrientationLandscapeLeft UIInterfaceOrientationLandscapeRight";
				INFOPLIST_KEY_UISupportedInterfaceOrientations_iPhone = "UIInterfaceOrientationPortrait UIInterfaceOrientationLandscapeLeft UIInterfaceOrientationLandscapeRight";
				LD_RUNPATH_SEARCH_PATHS = (
					"$(inherited)",
					"@executable_path/Frameworks",
				);
				MARKETING_VERSION = 1.0;
				PRODUCT_BUNDLE_IDENTIFIER = "com.cardinalhealth.Find-Doctor";
				PRODUCT_NAME = "$(TARGET_NAME)";
				SWIFT_EMIT_LOC_STRINGS = YES;
				SWIFT_VERSION = 5.0;
				TARGETED_DEVICE_FAMILY = "1,2";
			};
			name = Debug;
		};
		BDC667232828D6EA0004A80B /* Release */ = {
			isa = XCBuildConfiguration;
			buildSettings = {
				ASSETCATALOG_COMPILER_APPICON_NAME = AppIcon;
				ASSETCATALOG_COMPILER_GLOBAL_ACCENT_COLOR_NAME = AccentColor;
				CODE_SIGN_STYLE = Automatic;
				CURRENT_PROJECT_VERSION = 1;
				DEVELOPMENT_TEAM = XVUKQGSK4R;
				GENERATE_INFOPLIST_FILE = YES;
				INFOPLIST_FILE = "Find Doctor/Info.plist";
				INFOPLIST_KEY_UIApplicationSupportsIndirectInputEvents = YES;
				INFOPLIST_KEY_UILaunchStoryboardName = LaunchScreen;
				INFOPLIST_KEY_UIMainStoryboardFile = Main;
				INFOPLIST_KEY_UISupportedInterfaceOrientations_iPad = "UIInterfaceOrientationPortrait UIInterfaceOrientationPortraitUpsideDown UIInterfaceOrientationLandscapeLeft UIInterfaceOrientationLandscapeRight";
				INFOPLIST_KEY_UISupportedInterfaceOrientations_iPhone = "UIInterfaceOrientationPortrait UIInterfaceOrientationLandscapeLeft UIInterfaceOrientationLandscapeRight";
				LD_RUNPATH_SEARCH_PATHS = (
					"$(inherited)",
					"@executable_path/Frameworks",
				);
				MARKETING_VERSION = 1.0;
				PRODUCT_BUNDLE_IDENTIFIER = "com.cardinalhealth.Find-Doctor";
				PRODUCT_NAME = "$(TARGET_NAME)";
				SWIFT_EMIT_LOC_STRINGS = YES;
				SWIFT_VERSION = 5.0;
				TARGETED_DEVICE_FAMILY = "1,2";
			};
			name = Release;
		};
/* End XCBuildConfiguration section */

/* Begin XCConfigurationList section */
		BDC667052828D6E90004A80B /* Build configuration list for PBXProject "Find Doctor" */ = {
			isa = XCConfigurationList;
			buildConfigurations = (
				BDC6671F2828D6EA0004A80B /* Debug */,
				BDC667202828D6EA0004A80B /* Release */,
			);
			defaultConfigurationIsVisible = 0;
			defaultConfigurationName = Release;
		};
		BDC667212828D6EA0004A80B /* Build configuration list for PBXNativeTarget "Find Doctor" */ = {
			isa = XCConfigurationList;
			buildConfigurations = (
				BDC667222828D6EA0004A80B /* Debug */,
				BDC667232828D6EA0004A80B /* Release */,
			);
			defaultConfigurationIsVisible = 0;
			defaultConfigurationName = Release;
		};
/* End XCConfigurationList section */

/* Begin XCRemoteSwiftPackageReference section */
		BDBF17CF28336E1A00C9A5AA /* XCRemoteSwiftPackageReference "realm-swift" */ = {
			isa = XCRemoteSwiftPackageReference;
			repositoryURL = "https://github.com/realm/realm-swift.git";
			requirement = {
				kind = upToNextMajorVersion;
				minimumVersion = 10.19.0;
			};
		};
/* End XCRemoteSwiftPackageReference section */

/* Begin XCSwiftPackageProductDependency section */
		BDBF17D028336E1A00C9A5AA /* Realm */ = {
			isa = XCSwiftPackageProductDependency;
			package = BDBF17CF28336E1A00C9A5AA /* XCRemoteSwiftPackageReference "realm-swift" */;
			productName = Realm;
		};
		BDBF17D228336E1A00C9A5AA /* RealmSwift */ = {
			isa = XCSwiftPackageProductDependency;
			package = BDBF17CF28336E1A00C9A5AA /* XCRemoteSwiftPackageReference "realm-swift" */;
			productName = RealmSwift;
		};
/* End XCSwiftPackageProductDependency section */

/* Begin XCVersionGroup section */
		BDC667162828D6E90004A80B /* Find_Doctor.xcdatamodeld */ = {
			isa = XCVersionGroup;
			children = (
				BDC667172828D6E90004A80B /* Find_Doctor.xcdatamodel */,
			);
			currentVersion = BDC667172828D6E90004A80B /* Find_Doctor.xcdatamodel */;
			path = Find_Doctor.xcdatamodeld;
			sourceTree = "<group>";
			versionGroupType = wrapper.xcdatamodel;
		};
/* End XCVersionGroup section */
	};
	rootObject = BDC667022828D6E90004A80B /* Project object */;
}
